{
  "name": "cozy-ical",
  "version": "1.1.22",
  "lockfileVersion": 3,
  "requires": true,
  "packages": {
    "": {
      "name": "cozy-ical",
      "version": "1.1.22",
      "license": "MIT",
      "dependencies": {
        "byline": "4.2.1",
        "extend": "^3.0.2",
        "moment-timezone": "0.5.3",
        "printit": "0.1.19",
        "rrule": "2.1.0",
        "uuid": "2.0.1"
      }
    },
    "node_modules/byline": {
      "version": "4.2.1",
      "resolved": "https://registry.npmjs.org/byline/-/byline-4.2.1.tgz",
      "integrity": "sha512-TpRoV4f+nCiSpg46GzGnJ6QeLjuTr/Tx5xHhf9BllruZZ01HoK9N7NSlbWeDugJHEwqrAw8UrhdIBFQf+QjGLQ==",
      "license": "MIT",
      "engines": {
        "node": ">=0.10.0"
      }
    },
    "node_modules/extend": {
      "version": "3.0.2",
      "resolved": "https://registry.npmjs.org/extend/-/extend-3.0.2.tgz",
      "integrity": "sha512-fjquC59cD7CyW6urNXK0FBufkZcoiGG80wTuPujX590cB5Ttln20E2UB4S/WARVqhXffZl2LNgS+gQdPIIim/g==",
      "license": "MIT"
    },
    "node_modules/moment": {
      "version": "2.30.1",
      "resolved": "https://registry.npmjs.org/moment/-/moment-2.30.1.tgz",
      "integrity": "sha512-uEmtNhbDOrWPFS+hdjFCBfy9f2YoyzRpwcl+DqpC6taX21FzsTLQVbMV/W7PzNSX6x/bhC1zA3c2UQ5NzH6how==",
      "license": "MIT",
      "engines": {
        "node": "*"
      }
    },
    "node_modules/moment-timezone": {
      "version": "0.5.3",
      "resolved": "https://registry.npmjs.org/moment-timezone/-/moment-timezone-0.5.3.tgz",
      "integrity": "sha512-CruicnN/CSlOKDfyI+lQXZru32gIRGX1wF5PgW3sImRpAwo+kj/XkDVQ4shkU/GOcpigZUsJjOcBpuIZAqaROA==",
      "license": "MIT",
      "dependencies": {
        "moment": ">= 2.6.0"
      },
      "engines": {
        "node": "*"
      }
    },
    "node_modules/printit": {
      "version": "0.1.19",
      "resolved": "https://registry.npmjs.org/printit/-/printit-0.1.19.tgz",
      "integrity": "sha512-xCf0S6mzKZPSFn6/h+ULWvTnya39cjJlaRhYHdKNEUmLWmZYfhe6PTh5kMUncxNVLWHuqm5s4SdnIOlWfHkQCA==",
      "engines": {
        "node": "*"
      }
    },
    "node_modules/rrule": {
      "version": "2.1.0",
      "resolved": "https://registry.npmjs.org/rrule/-/rrule-2.1.0.tgz",
      "integrity": "sha512-lsxjtdJHwHysRKxhBwHJk7IQqxGaNqEmd/KXzAjFPl+As17J9ixhVPjzbAsmknPuis2iP9BEEQeZwqEjOHvZeA=="
    },
    "node_modules/uuid": {
      "version": "2.0.1",
      "resolved": "https://registry.npmjs.org/uuid/-/uuid-2.0.1.tgz",
      "integrity": "sha512-nWg9+Oa3qD2CQzHIP4qKUqwNfzKn8P0LtFhotaCTFchsV7ZfDhAybeip/HZVeMIpZi9JgY1E3nUlwaCmZT1sEg==",
      "deprecated": "Please upgrade  to version 7 or higher.  Older versions may use Math.random() in certain circumstances, which is known to be problematic.  See https://v8.dev/blog/math-random for details."
    }
  }
}
